Microsoft Visual Studio Solution File, Format Version 12.00
# Visual Studio 2012
Project("{FAE04EC0-301F-11D3-BF4B-00C04F79EFBC}") = "Realtime Strategy", "Realtime Strategy.csproj", "{BB9227A3-5286-4097-8FAB-23E7EED28DA7}"
EndProject
Global
	GlobalSection(SolutionConfigurationPlatforms) = preSolution
	Debug|Any CPU = Debug|Any CPU
	ExportDebug|Any CPU = ExportDebug|Any CPU
	ExportRelease|Any CPU = ExportRelease|Any CPU
	EndGlobalSection
	GlobalSection(ProjectConfigurationPlatforms) = postSolution
		{BB9227A3-5286-4097-8FAB-23E7EED28DA7}.Debug|Any CPU.ActiveCfg = Debug|Any CPU
		{BB9227A3-5286-4097-8FAB-23E7EED28DA7}.Debug|Any CPU.Build.0 = Debug|Any CPU
		{BB9227A3-5286-4097-8FAB-23E7EED28DA7}.ExportDebug|Any CPU.ActiveCfg = ExportDebug|Any CPU
		{BB9227A3-5286-4097-8FAB-23E7EED28DA7}.ExportDebug|Any CPU.Build.0 = ExportDebug|Any CPU
		{BB9227A3-5286-4097-8FAB-23E7EED28DA7}.ExportRelease|Any CPU.ActiveCfg = ExportRelease|Any CPU
		{BB9227A3-5286-4097-8FAB-23E7EED28DA7}.ExportRelease|Any CPU.Build.0 = ExportRelease|Any CPU
	EndGlobalSection
EndGlobal
